// !$*UTF8*$!
{
	archiveVersion = 1;
	classes = {
	};
	objectVersion = 56;
	objects = {

/* Begin PBXBuildFile section */
		048FDD732C6BB7BC002F474A /* call_centerApp.swift in Sources */ = {isa = PBXBuildFile; fileRef = 048FDD722C6BB7BC002F474A /* call_centerApp.swift */; };
		048FDD752C6BB7BC002F474A /* ContentView.swift in Sources */ = {isa = PBXBuildFile; fileRef = 048FDD742C6BB7BC002F474A /* ContentView.swift */; };
		048FDD772C6BB7BE002F474A /* Assets.xcassets in Resources */ = {isa = PBXBuildFile; fileRef = 048FDD762C6BB7BE002F474A /* Assets.xcassets */; };
		048FDD7A2C6BB7BE002F474A /* Preview Assets.xcassets in Resources */ = {isa = PBXBuildFile; fileRef = 048FDD792C6BB7BE002F474A /* Preview Assets.xcassets */; };
		048FDD842C6BB7BE002F474A /* call_centerTests.swift in Sources */ = {isa = PBXBuildFile; fileRef = 048FDD832C6BB7BE002F474A /* call_centerTests.swift */; };
		048FDD8E2C6BB7BE002F474A /* call_centerUITests.swift in Sources */ = {isa = PBXBuildFile; fileRef = 048FDD8D2C6BB7BE002F474A /* call_centerUITests.swift */; };
		048FDD902C6BB7BE002F474A /* call_centerUITestsLaunchTests.swift in Sources */ = {isa = PBXBuildFile; fileRef = 048FDD8F2C6BB7BE002F474A /* call_centerUITestsLaunchTests.swift */; };
		048FDD9E2C6BB885002F474A /* WebKit.framework in Frameworks */ = {isa = PBXBuildFile; fileRef = 048FDD9D2C6BB885002F474A /* WebKit.framework */; };
		048FDDA02C6BB965002F474A /* WebViewController.swift in Sources */ = {isa = PBXBuildFile; fileRef = 048FDD9F2C6BB965002F474A /* WebViewController.swift */; };
/* End PBXBuildFile section */

/* Begin PBXContainerItemProxy section */
		048FDD802C6BB7BE002F474A /* PBXContainerItemProxy */ = {
			isa = PBXContainerItemProxy;
			containerPortal = 048FDD672C6BB7BC002F474A /* Project object */;
			proxyType = 1;
			remoteGlobalIDString = 048FDD6E2C6BB7BC002F474A;
			remoteInfo = "call-center";
		};
		048FDD8A2C6BB7BE002F474A /* PBXContainerItemProxy */ = {
			isa = PBXContainerItemProxy;
			containerPortal = 048FDD672C6BB7BC002F474A /* Project object */;
			proxyType = 1;
			remoteGlobalIDString = 048FDD6E2C6BB7BC002F474A;
			remoteInfo = "call-center";
		};
/* End PBXContainerItemProxy section */

/* Begin PBXFileReference section */
		048FDD6F2C6BB7BC002F474A /* call-center.app */ = {isa = PBXFileReference; explicitFileType = wrapper.application; includeInIndex = 0; path = "call-center.app"; sourceTree = BUILT_PRODUCTS_DIR; };
		048FDD722C6BB7BC002F474A /* call_centerApp.swift */ = {isa = PBXFileReference; lastKnownFileType = sourcecode.swift; path = call_centerApp.swift; sourceTree = "<group>"; };
		048FDD742C6BB7BC002F474A /* ContentView.swift */ = {isa = PBXFileReference; lastKnownFileType = sourcecode.swift; path = ContentView.swift; sourceTree = "<group>"; };
		048FDD762C6BB7BE002F474A /* Assets.xcassets */ = {isa = PBXFileReference; lastKnownFileType = folder.assetcatalog; path = Assets.xcassets; sourceTree = "<group>"; };
		048FDD792C6BB7BE002F474A /* Preview Assets.xcassets */ = {isa = PBXFileReference; lastKnownFileType = folder.assetcatalog; path = "Preview Assets.xcassets"; sourceTree = "<group>"; };
		048FDD7F2C6BB7BE002F474A /* call-centerTests.xctest */ = {isa = PBXFileReference; explicitFileType = wrapper.cfbundle; includeInIndex = 0; path = "call-centerTests.xctest"; sourceTree = BUILT_PRODUCTS_DIR; };
		048FDD832C6BB7BE002F474A /* call_centerTests.swift */ = {isa = PBXFileReference; lastKnownFileType = sourcecode.swift; path = call_centerTests.swift; sourceTree = "<group>"; };
		048FDD892C6BB7BE002F474A /* call-centerUITests.xctest */ = {isa = PBXFileReference; explicitFileType = wrapper.cfbundle; includeInIndex = 0; path = "call-centerUITests.xctest"; sourceTree = BUILT_PRODUCTS_DIR; };
		048FDD8D2C6BB7BE002F474A /* call_centerUITests.swift */ = {isa = PBXFileReference; lastKnownFileType = sourcecode.swift; path = call_centerUITests.swift; sourceTree = "<group>"; };
		048FDD8F2C6BB7BE002F474A /* call_centerUITestsLaunchTests.swift */ = {isa = PBXFileReference; lastKnownFileType = sourcecode.swift; path = call_centerUITestsLaunchTests.swift; sourceTree = "<group>"; };
		048FDD9D2C6BB885002F474A /* WebKit.framework */ = {isa = PBXFileReference; lastKnownFileType = wrapper.framework; name = WebKit.framework; path = System/Library/Frameworks/WebKit.framework; sourceTree = SDKROOT; };
		048FDD9F2C6BB965002F474A /* WebViewController.swift */ = {isa = PBXFileReference; lastKnownFileType = sourcecode.swift; path = WebViewController.swift; sourceTree = "<group>"; };
		048FDDA52C6C8060002F474A /* Info.plist */ = {isa = PBXFileReference; lastKnownFileType = text.plist.xml; path = Info.plist; sourceTree = "<group>"; };
/* End PBXFileReference section */

/* Begin PBXFrameworksBuildPhase section */
		048FDD6C2C6BB7BC002F474A /* Frameworks */ = {
			isa = PBXFrameworksBuildPhase;
			buildActionMask = 2147483647;
			files = (
				048FDD9E2C6BB885002F474A /* WebKit.framework in Frameworks */,
			);
			runOnlyForDeploymentPostprocessing = 0;
		};
		048FDD7C2C6BB7BE002F474A /* Frameworks */ = {
			isa = PBXFrameworksBuildPhase;
			buildActionMask = 2147483647;
			files = (
			);
			runOnlyForDeploymentPostprocessing = 0;
		};
		048FDD862C6BB7BE002F474A /* Frameworks */ = {
			isa = PBXFrameworksBuildPhase;
			buildActionMask = 2147483647;
			files = (
			);
			runOnlyForDeploymentPostprocessing = 0;
		};
/* End PBXFrameworksBuildPhase section */

/* Begin PBXGroup section */
		048FDD662C6BB7BC002F474A = {
			isa = PBXGroup;
			children = (
				048FDD712C6BB7BC002F474A /* call-center */,
				048FDD822C6BB7BE002F474A /* call-centerTests */,
				048FDD8C2C6BB7BE002F474A /* call-centerUITests */,
				048FDD702C6BB7BC002F474A /* Products */,
				048FDD9C2C6BB885002F474A /* Frameworks */,
			);
			sourceTree = "<group>";
		};
		048FDD702C6BB7BC002F474A /* Products */ = {
			isa = PBXGroup;
			children = (
				048FDD6F2C6BB7BC002F474A /* call-center.app */,
				048FDD7F2C6BB7BE002F474A /* call-centerTests.xctest */,
				048FDD892C6BB7BE002F474A /* call-centerUITests.xctest */,
			);
			name = Products;
			sourceTree = "<group>";
		};
		048FDD712C6BB7BC002F474A /* call-center */ = {
			isa = PBXGroup;
			children = (
				048FDD722C6BB7BC002F474A /* call_centerApp.swift */,
				048FDD9F2C6BB965002F474A /* WebViewController.swift */,
				048FDD742C6BB7BC002F474A /* ContentView.swift */,
				048FDD762C6BB7BE002F474A /* Assets.xcassets */,
				048FDD782C6BB7BE002F474A /* Preview Content */,
				048FDDA52C6C8060002F474A /* Info.plist */,
			);
			path = "call-center";
			sourceTree = "<group>";
		};
		048FDD782C6BB7BE002F474A /* Preview Content */ = {
			isa = PBXGroup;
			children = (
				048FDD792C6BB7BE002F474A /* Preview Assets.xcassets */,
			);
			path = "Preview Content";
			sourceTree = "<group>";
		};
		048FDD822C6BB7BE002F474A /* call-centerTests */ = {
			isa = PBXGroup;
			children = (
				048FDD832C6BB7BE002F474A /* call_centerTests.swift */,
			);
			path = "call-centerTests";
			sourceTree = "<group>";
		};
		048FDD8C2C6BB7BE002F474A /* call-centerUITests */ = {
			isa = PBXGroup;
			children = (
				048FDD8D2C6BB7BE002F474A /* call_centerUITests.swift */,
				048FDD8F2C6BB7BE002F474A /* call_centerUITestsLaunchTests.swift */,
			);
			path = "call-centerUITests";
			sourceTree = "<group>";
		};
		048FDD9C2C6BB885002F474A /* Frameworks */ = {
			isa = PBXGroup;
			children = (
				048FDD9D2C6BB885002F474A /* WebKit.framework */,
			);
			name = Frameworks;
			sourceTree = "<group>";
		};
/* End PBXGroup section */

/* Begin PBXNativeTarget section */
		048FDD6E2C6BB7BC002F474A /* call-center */ = {
			isa = PBXNativeTarget;
			buildConfigurationList = 048FDD932C6BB7BE002F474A /* Build configuration list for PBXNativeTarget "call-center" */;
			buildPhases = (
				048FDD6B2C6BB7BC002F474A /* Sources */,
				048FDD6C2C6BB7BC002F474A /* Frameworks */,
				048FDD6D2C6BB7BC002F474A /* Resources */,
			);
			buildRules = (
			);
			dependencies = (
			);
			name = "call-center";
			productName = "call-center";
			productReference = 048FDD6F2C6BB7BC002F474A /* call-center.app */;
			productType = "com.apple.product-type.application";
		};
		048FDD7E2C6BB7BE002F474A /* call-centerTests */ = {
			isa = PBXNativeTarget;
			buildConfigurationList = 048FDD962C6BB7BE002F474A /* Build configuration list for PBXNativeTarget "call-centerTests" */;
			buildPhases = (
				048FDD7B2C6BB7BE002F474A /* Sources */,
				048FDD7C2C6BB7BE002F474A /* Frameworks */,
				048FDD7D2C6BB7BE002F474A /* Resources */,
			);
			buildRules = (
			);
			dependencies = (
				048FDD812C6BB7BE002F474A /* PBXTargetDependency */,
			);
			name = "call-centerTests";
			productName = "call-centerTests";
			productReference = 048FDD7F2C6BB7BE002F474A /* call-centerTests.xctest */;
			productType = "com.apple.product-type.bundle.unit-test";
		};
		048FDD882C6BB7BE002F474A /* call-centerUITests */ = {
			isa = PBXNativeTarget;
			buildConfigurationList = 048FDD992C6BB7BE002F474A /* Build configuration list for PBXNativeTarget "call-centerUITests" */;
			buildPhases = (
				048FDD852C6BB7BE002F474A /* Sources */,
				048FDD862C6BB7BE002F474A /* Frameworks */,
				048FDD872C6BB7BE002F474A /* Resources */,
			);
			buildRules = (
			);
			dependencies = (
				048FDD8B2C6BB7BE002F474A /* PBXTargetDependency */,
			);
			name = "call-centerUITests";
			productName = "call-centerUITests";
			productReference = 048FDD892C6BB7BE002F474A /* call-centerUITests.xctest */;
			productType = "com.apple.product-type.bundle.ui-testing";
		};
/* End PBXNativeTarget section */

/* Begin PBXProject section */
		048FDD672C6BB7BC002F474A /* Project object */ = {
			isa = PBXProject;
			attributes = {
				BuildIndependentTargetsInParallel = 1;
				LastSwiftUpdateCheck = 1540;
				LastUpgradeCheck = 1540;
				TargetAttributes = {
					048FDD6E2C6BB7BC002F474A = {
						CreatedOnToolsVersion = 15.4;
					};
					048FDD7E2C6BB7BE002F474A = {
						CreatedOnToolsVersion = 15.4;
						TestTargetID = 048FDD6E2C6BB7BC002F474A;
					};
					048FDD882C6BB7BE002F474A = {
						CreatedOnToolsVersion = 15.4;
						TestTargetID = 048FDD6E2C6BB7BC002F474A;
					};
				};
			};
			buildConfigurationList = 048FDD6A2C6BB7BC002F474A /* Build configuration list for PBXProject "call-center" */;
			compatibilityVersion = "Xcode 14.0";
			developmentRegion = en;
			hasScannedForEncodings = 0;
			knownRegions = (
				en,
				Base,
			);
			mainGroup = 048FDD662C6BB7BC002F474A;
			productRefGroup = 048FDD702C6BB7BC002F474A /* Products */;
			projectDirPath = "";
			projectRoot = "";
			targets = (
				048FDD6E2C6BB7BC002F474A /* call-center */,
				048FDD7E2C6BB7BE002F474A /* call-centerTests */,
				048FDD882C6BB7BE002F474A /* call-centerUITests */,
			);
		};
/* End PBXProject section */

/* Begin PBXResourcesBuildPhase section */
		048FDD6D2C6BB7BC002F474A /* Resources */ = {
			isa = PBXResourcesBuildPhase;
			buildActionMask = 2147483647;
			files = (
				048FDD7A2C6BB7BE002F474A /* Preview Assets.xcassets in Resources */,
				048FDD772C6BB7BE002F474A /* Assets.xcassets in Resources */,
			);
			runOnlyForDeploymentPostprocessing = 0;
		};
		048FDD7D2C6BB7BE002F474A /* Resources */ = {
			isa = PBXResourcesBuildPhase;
			buildActionMask = 2147483647;
			files = (
			);
			runOnlyForDeploymentPostprocessing = 0;
		};
		048FDD872C6BB7BE002F474A /* Resources */ = {
			isa = PBXResourcesBuildPhase;
			buildActionMask = 2147483647;
			files = (
			);
			runOnlyForDeploymentPostprocessing = 0;
		};
/* End PBXResourcesBuildPhase section */

/* Begin PBXSourcesBuildPhase section */
		048FDD6B2C6BB7BC002F474A /* Sources */ = {
			isa = PBXSourcesBuildPhase;
			buildActionMask = 2147483647;
			files = (
				048FDDA02C6BB965002F474A /* WebViewController.swift in Sources */,
				048FDD752C6BB7BC002F474A /* ContentView.swift in Sources */,
				048FDD732C6BB7BC002F474A /* call_centerApp.swift in Sources */,
			);
			runOnlyForDeploymentPostprocessing = 0;
		};
		048FDD7B2C6BB7BE002F474A /* Sources */ = {
			isa = PBXSourcesBuildPhase;
			buildActionMask = 2147483647;
			files = (
				048FDD842C6BB7BE002F474A /* call_centerTests.swift in Sources */,
			);
			runOnlyForDeploymentPostprocessing = 0;
		};
		048FDD852C6BB7BE002F474A /* Sources */ = {
			isa = PBXSourcesBuildPhase;
			buildActionMask = 2147483647;
			files = (
				048FDD8E2C6BB7BE002F474A /* call_centerUITests.swift in Sources */,
				048FDD902C6BB7BE002F474A /* call_centerUITestsLaunchTests.swift in Sources */,
			);
			runOnlyForDeploymentPostprocessing = 0;
		};
/* End PBXSourcesBuildPhase section */

/* Begin PBXTargetDependency section */
		048FDD812C6BB7BE002F474A /* PBXTargetDependency */ = {
			isa = PBXTargetDependency;
			target = 048FDD6E2C6BB7BC002F474A /* call-center */;
			targetProxy = 048FDD802C6BB7BE002F474A /* PBXContainerItemProxy */;
		};
		048FDD8B2C6BB7BE002F474A /* PBXTargetDependency */ = {
			isa = PBXTargetDependency;
			target = 048FDD6E2C6BB7BC002F474A /* call-center */;
			targetProxy = 048FDD8A2C6BB7BE002F474A /* PBXContainerItemProxy */;
		};
/* End PBXTargetDependency section */

/* Begin XCBuildConfiguration section */
		048FDD912C6BB7BE002F474A /* Debug */ = {
			isa = XCBuildConfiguration;
			buildSettings = {
				ALWAYS_SEARCH_USER_PATHS = NO;
				ASSETCATALOG_COMPILER_GENERATE_SWIFT_ASSET_SYMBOL_EXTENSIONS = YES;
				CLANG_ANALYZER_NONNULL = YES;
				CLANG_ANALYZER_NUMBER_OBJECT_CONVERSION = YES_AGGRESSIVE;
				CLANG_CXX_LANGUAGE_STANDARD = "gnu++20";
				CLANG_ENABLE_MODULES = YES;
				CLANG_ENABLE_OBJC_ARC = YES;
				CLANG_ENABLE_OBJC_WEAK = YES;
				CLANG_WARN_BLOCK_CAPTURE_AUTORELEASING = YES;
				CLANG_WARN_BOOL_CONVERSION = YES;
				CLANG_WARN_COMMA = YES;
				CLANG_WARN_CONSTANT_CONVERSION = YES;
				CLANG_WARN_DEPRECATED_OBJC_IMPLEMENTATIONS = YES;
				CLANG_WARN_DIRECT_OBJC_ISA_USAGE = YES_ERROR;
				CLANG_WARN_DOCUMENTATION_COMMENTS = YES;
				CLANG_WARN_EMPTY_BODY = YES;
				CLANG_WARN_ENUM_CONVERSION = YES;
				CLANG_WARN_INFINITE_RECURSION = YES;
				CLANG_WARN_INT_CONVERSION = YES;
				CLANG_WARN_NON_LITERAL_NULL_CONVERSION = YES;
				CLANG_WARN_OBJC_IMPLICIT_RETAIN_SELF = YES;
				CLANG_WARN_OBJC_LITERAL_CONVERSION = YES;
				CLANG_WARN_OBJC_ROOT_CLASS = YES_ERROR;
				CLANG_WARN_QUOTED_INCLUDE_IN_FRAMEWORK_HEADER = YES;
				CLANG_WARN_RANGE_LOOP_ANALYSIS = YES;
				CLANG_WARN_STRICT_PROTOTYPES = YES;
				CLANG_WARN_SUSPICIOUS_MOVE = YES;
				CLANG_WARN_UNGUARDED_AVAILABILITY = YES_AGGRESSIVE;
				CLANG_WARN_UNREACHABLE_CODE = YES;
				CLANG_WARN__DUPLICATE_METHOD_MATCH = YES;
				COPY_PHASE_STRIP = NO;
				DEBUG_INFORMATION_FORMAT = dwarf;
				ENABLE_STRICT_OBJC_MSGSEND = YES;
				ENABLE_TESTABILITY = YES;
				ENABLE_USER_SCRIPT_SANDBOXING = YES;
				GCC_C_LANGUAGE_STANDARD = gnu17;
				GCC_DYNAMIC_NO_PIC = NO;
				GCC_NO_COMMON_BLOCKS = YES;
				GCC_OPTIMIZATION_LEVEL = 0;
				GCC_PREPROCESSOR_DEFINITIONS = (
					"DEBUG=1",
					"$(inherited)",
				);
				GCC_WARN_64_TO_32_BIT_CONVERSION = YES;
				GCC_WARN_ABOUT_RETURN_TYPE = YES_ERROR;
				GCC_WARN_UNDECLARED_SELECTOR = YES;
				GCC_WARN_UNINITIALIZED_AUTOS = YES_AGGRESSIVE;
				GCC_WARN_UNUSED_FUNCTION = YES;
				GCC_WARN_UNUSED_VARIABLE = YES;
				INFOPLIST_KEY_NSMicrophoneUsageDescription = "Allow Mic";
				IPHONEOS_DEPLOYMENT_TARGET = 17.5;
				LOCALIZATION_PREFERS_STRING_CATALOGS = YES;
				MTL_ENABLE_DEBUG_INFO = INCLUDE_SOURCE;
				MTL_FAST_MATH = YES;
				ONLY_ACTIVE_ARCH = YES;
				SDKROOT = iphoneos;
				SWIFT_ACTIVE_COMPILATION_CONDITIONS = "DEBUG $(inherited)";
				SWIFT_OPTIMIZATION_LEVEL = "-Onone";
			};
			name = Debug;
		};
		048FDD922C6BB7BE002F474A /* Release */ = {
			isa = XCBuildConfiguration;
			buildSettings = {
				ALWAYS_SEARCH_USER_PATHS = NO;
				ASSETCATALOG_COMPILER_GENERATE_SWIFT_ASSET_SYMBOL_EXTENSIONS = YES;
				CLANG_ANALYZER_NONNULL = YES;
				CLANG_ANALYZER_NUMBER_OBJECT_CONVERSION = YES_AGGRESSIVE;
				CLANG_CXX_LANGUAGE_STANDARD = "gnu++20";
				CLANG_ENABLE_MODULES = YES;
				CLANG_ENABLE_OBJC_ARC = YES;
				CLANG_ENABLE_OBJC_WEAK = YES;
				CLANG_WARN_BLOCK_CAPTURE_AUTORELEASING = YES;
				CLANG_WARN_BOOL_CONVERSION = YES;
				CLANG_WARN_COMMA = YES;
				CLANG_WARN_CONSTANT_CONVERSION = YES;
				CLANG_WARN_DEPRECATED_OBJC_IMPLEMENTATIONS = YES;
				CLANG_WARN_DIRECT_OBJC_ISA_USAGE = YES_ERROR;
				CLANG_WARN_DOCUMENTATION_COMMENTS = YES;
				CLANG_WARN_EMPTY_BODY = YES;
				CLANG_WARN_ENUM_CONVERSION = YES;
				CLANG_WARN_INFINITE_RECURSION = YES;
				CLANG_WARN_INT_CONVERSION = YES;
				CLANG_WARN_NON_LITERAL_NULL_CONVERSION = YES;
				CLANG_WARN_OBJC_IMPLICIT_RETAIN_SELF = YES;
				CLANG_WARN_OBJC_LITERAL_CONVERSION = YES;
				CLANG_WARN_OBJC_ROOT_CLASS = YES_ERROR;
				CLANG_WARN_QUOTED_INCLUDE_IN_FRAMEWORK_HEADER = YES;
				CLANG_WARN_RANGE_LOOP_ANALYSIS = YES;
				CLANG_WARN_STRICT_PROTOTYPES = YES;
				CLANG_WARN_SUSPICIOUS_MOVE = YES;
				CLANG_WARN_UNGUARDED_AVAILABILITY = YES_AGGRESSIVE;
				CLANG_WARN_UNREACHABLE_CODE = YES;
				CLANG_WARN__DUPLICATE_METHOD_MATCH = YES;
				COPY_PHASE_STRIP = NO;
				DEBUG_INFORMATION_FORMAT = "dwarf-with-dsym";
				ENABLE_NS_ASSERTIONS = NO;
				ENABLE_STRICT_OBJC_MSGSEND = YES;
				ENABLE_USER_SCRIPT_SANDBOXING = YES;
				GCC_C_LANGUAGE_STANDARD = gnu17;
				GCC_NO_COMMON_BLOCKS = YES;
				GCC_WARN_64_TO_32_BIT_CONVERSION = YES;
				GCC_WARN_ABOUT_RETURN_TYPE = YES_ERROR;
				GCC_WARN_UNDECLARED_SELECTOR = YES;
				GCC_WARN_UNINITIALIZED_AUTOS = YES_AGGRESSIVE;
				GCC_WARN_UNUSED_FUNCTION = YES;
				GCC_WARN_UNUSED_VARIABLE = YES;
				INFOPLIST_KEY_NSCameraUsageDescription = "Allow Camera";
				INFOPLIST_KEY_NSMicrophoneUsageDescription = "Allow Mic";
				IPHONEOS_DEPLOYMENT_TARGET = 17.5;
				LOCALIZATION_PREFERS_STRING_CATALOGS = YES;
				MTL_ENABLE_DEBUG_INFO = NO;
				MTL_FAST_MATH = YES;
				SDKROOT = iphoneos;
				SWIFT_COMPILATION_MODE = wholemodule;
				VALIDATE_PRODUCT = YES;
			};
			name = Release;
		};
		048FDD942C6BB7BE002F474A /* Debug */ = {
			isa = XCBuildConfiguration;
			buildSettings = {
				ASSETCATALOG_COMPILER_APPICON_NAME = AppIcon;
				ASSETCATALOG_COMPILER_GLOBAL_ACCENT_COLOR_NAME = AccentColor;
				CODE_SIGN_STYLE = Automatic;
				CURRENT_PROJECT_VERSION = 2;
				DEVELOPMENT_ASSET_PATHS = "\"call-center/Preview Content\"";
				DEVELOPMENT_TEAM = ZX3A5VT478;
				ENABLE_PREVIEWS = YES;
				GENERATE_INFOPLIST_FILE = YES;
				INFOPLIST_KEY_CFBundleDisplayName = "Webview IOS Native";
				INFOPLIST_KEY_LSUIElement = YES;
				INFOPLIST_KEY_NSAppleMusicUsageDescription = ok;
				INFOPLIST_KEY_NSBluetoothAlwaysUsageDescription = Bluetooth;
				INFOPLIST_KEY_NSBluetoothPeripheralUsageDescription = ok;
				INFOPLIST_KEY_NSBluetoothWhileInUseUsageDescription = ok;
				INFOPLIST_KEY_NSCalendarsUsageDescription = ok;
				INFOPLIST_KEY_NSCameraUsageDescription = "Allow Camera";
				INFOPLIST_KEY_NSFaceIDUsageDescription = "Scan ";
				INFOPLIST_KEY_NSHomeKitUsageDescription = ok;
				INFOPLIST_KEY_NSLocalNetworkUsageDescription = test;
				INFOPLIST_KEY_NSLocationAlwaysAndWhenInUseUsageDescription = ok;
				INFOPLIST_KEY_NSLocationAlwaysUsageDescription = Location;
				INFOPLIST_KEY_NSLocationTemporaryUsageDescriptionDictionary = ok;
				INFOPLIST_KEY_NSLocationUsageDescription = Location;
				INFOPLIST_KEY_NSMicrophoneUsageDescription = "Allow Microphone";
				INFOPLIST_KEY_NSMotionUsageDescription = Motion;
				INFOPLIST_KEY_NSNearbyInteractionUsageDescription = ok;
				INFOPLIST_KEY_NSPhotoLibraryAddUsageDescription = ok;
				INFOPLIST_KEY_NSPhotoLibraryUsageDescription = ok;
				INFOPLIST_KEY_NSRemindersUsageDescription = ok;
				INFOPLIST_KEY_NSRemovableVolumesUsageDescription = ok;
				INFOPLIST_KEY_NSSensorKitPrivacyPolicyURL = ok;
				INFOPLIST_KEY_NSSensorKitUsageDescription = ok;
				INFOPLIST_KEY_NSSpeechRecognitionUsageDescription = Speech;
				INFOPLIST_KEY_UIApplicationSceneManifest_Generation = YES;
				INFOPLIST_KEY_UIApplicationSupportsIndirectInputEvents = YES;
				INFOPLIST_KEY_UILaunchScreen_Generation = YES;
				INFOPLIST_KEY_UIRequiresFullScreen = NO;
				INFOPLIST_KEY_UISupportedInterfaceOrientations_iPad = "UIInterfaceOrientationPortrait UIInterfaceOrientationPortraitUpsideDown UIInterfaceOrientationLandscapeLeft UIInterfaceOrientationLandscapeRight";
				INFOPLIST_KEY_UISupportedInterfaceOrientations_iPhone = "UIInterfaceOrientationPortrait UIInterfaceOrientationLandscapeLeft UIInterfaceOrientationLandscapeRight";
				IPHONEOS_DEPLOYMENT_TARGET = 15.0;
				LD_RUNPATH_SEARCH_PATHS = (
					"$(inherited)",
					"@executable_path/Frameworks",
				);
				MARKETING_VERSION = 1.0.2;
				PRODUCT_BUNDLE_IDENTIFIER = "-.call-center";
				PRODUCT_NAME = "$(TARGET_NAME)";
				SWIFT_EMIT_LOC_STRINGS = YES;
				SWIFT_VERSION = 5.0;
				TARGETED_DEVICE_FAMILY = "1,2";
			};
			name = Debug;
		};
		048FDD952C6BB7BE002F474A /* Release */ = {
			isa = XCBuildConfiguration;
			buildSettings = {
				ASSETCATALOG_COMPILER_APPICON_NAME = AppIcon;
				ASSETCATALOG_COMPILER_GLOBAL_ACCENT_COLOR_NAME = AccentColor;
				CODE_SIGN_STYLE = Automatic;
				CURRENT_PROJECT_VERSION = 2;
				DEVELOPMENT_ASSET_PATHS = "\"call-center/Preview Content\"";
				DEVELOPMENT_TEAM = HG539P4Y66;
				ENABLE_PREVIEWS = YES;
				GENERATE_INFOPLIST_FILE = YES;
				INFOPLIST_KEY_CFBundleDisplayName = "Webview IOS Native";
				INFOPLIST_KEY_LSUIElement = YES;
				INFOPLIST_KEY_NSAppleMusicUsageDescription = ok;
				INFOPLIST_KEY_NSBluetoothAlwaysUsageDescription = Bluetooth;
				INFOPLIST_KEY_NSBluetoothPeripheralUsageDescription = ok;
				INFOPLIST_KEY_NSBluetoothWhileInUseUsageDescription = ok;
				INFOPLIST_KEY_NSCalendarsUsageDescription = ok;
				INFOPLIST_KEY_NSCameraUsageDescription = "Allow Camera";
				INFOPLIST_KEY_NSFaceIDUsageDescription = "Scan ";
				INFOPLIST_KEY_NSHomeKitUsageDescription = ok;
				INFOPLIST_KEY_NSLocalNetworkUsageDescription = test;
				INFOPLIST_KEY_NSLocationAlwaysAndWhenInUseUsageDescription = ok;
				INFOPLIST_KEY_NSLocationAlwaysUsageDescription = Location;
				INFOPLIST_KEY_NSLocationTemporaryUsageDescriptionDictionary = ok;
				INFOPLIST_KEY_NSLocationUsageDescription = Location;
				INFOPLIST_KEY_NSMicrophoneUsageDescription = "Allow Microphone";
				INFOPLIST_KEY_NSMotionUsageDescription = Motion;
				INFOPLIST_KEY_NSNearbyInteractionUsageDescription = ok;
				INFOPLIST_KEY_NSPhotoLibraryAddUsageDescription = ok;
				INFOPLIST_KEY_NSPhotoLibraryUsageDescription = ok;
				INFOPLIST_KEY_NSRemindersUsageDescription = ok;
				INFOPLIST_KEY_NSRemovableVolumesUsageDescription = ok;
				INFOPLIST_KEY_NSSensorKitPrivacyPolicyURL = ok;
				INFOPLIST_KEY_NSSensorKitUsageDescription = ok;
				INFOPLIST_KEY_NSSpeechRecognitionUsageDescription = Speech;
				INFOPLIST_KEY_UIApplicationSceneManifest_Generation = YES;
				INFOPLIST_KEY_UIApplicationSupportsIndirectInputEvents = YES;
				INFOPLIST_KEY_UILaunchScreen_Generation = YES;
				INFOPLIST_KEY_UIRequiresFullScreen = NO;
				INFOPLIST_KEY_UISupportedInterfaceOrientations_iPad = "UIInterfaceOrientationPortrait UIInterfaceOrientationPortraitUpsideDown UIInterfaceOrientationLandscapeLeft UIInterfaceOrientationLandscapeRight";
				INFOPLIST_KEY_UISupportedInterfaceOrientations_iPhone = "UIInterfaceOrientationPortrait UIInterfaceOrientationLandscapeLeft UIInterfaceOrientationLandscapeRight";
				IPHONEOS_DEPLOYMENT_TARGET = 15.0;
				LD_RUNPATH_SEARCH_PATHS = (
					"$(inherited)",
					"@executable_path/Frameworks",
				);
				MARKETING_VERSION = 1.0.2;
				PRODUCT_BUNDLE_IDENTIFIER = com.hop.exampleCallCenter;
				PRODUCT_NAME = "$(TARGET_NAME)";
				SWIFT_EMIT_LOC_STRINGS = YES;
				SWIFT_VERSION = 5.0;
				TARGETED_DEVICE_FAMILY = "1,2";
			};
			name = Release;
		};
		048FDD972C6BB7BE002F474A /* Debug */ = {
			isa = XCBuildConfiguration;
			buildSettings = {
				ALWAYS_EMBED_SWIFT_STANDARD_LIBRARIES = YES;
				BUNDLE_LOADER = "$(TEST_HOST)";
				CODE_SIGN_STYLE = Automatic;
				CURRENT_PROJECT_VERSION = 1;
				DEVELOPMENT_TEAM = ZX3A5VT478;
				GENERATE_INFOPLIST_FILE = YES;
				IPHONEOS_DEPLOYMENT_TARGET = 17.5;
				MARKETING_VERSION = 1.0;
				PRODUCT_BUNDLE_IDENTIFIER = "-.call-centerTests";
				PRODUCT_NAME = "$(TARGET_NAME)";
				SWIFT_EMIT_LOC_STRINGS = NO;
				SWIFT_VERSION = 5.0;
				TARGETED_DEVICE_FAMILY = "1,2";
				TEST_HOST = "$(BUILT_PRODUCTS_DIR)/call-center.app/$(BUNDLE_EXECUTABLE_FOLDER_PATH)/call-center";
			};
			name = Debug;
		};
		048FDD982C6BB7BE002F474A /* Release */ = {
			isa = XCBuildConfiguration;
			buildSettings = {
				ALWAYS_EMBED_SWIFT_STANDARD_LIBRARIES = YES;
				BUNDLE_LOADER = "$(TEST_HOST)";
				CODE_SIGN_STYLE = Automatic;
				CURRENT_PROJECT_VERSION = 1;
				DEVELOPMENT_TEAM = ZX3A5VT478;
				GENERATE_INFOPLIST_FILE = YES;
				IPHONEOS_DEPLOYMENT_TARGET = 17.5;
				MARKETING_VERSION = 1.0;
				PRODUCT_BUNDLE_IDENTIFIER = "-.call-centerTests";
				PRODUCT_NAME = "$(TARGET_NAME)";
				SWIFT_EMIT_LOC_STRINGS = NO;
				SWIFT_VERSION = 5.0;
				TARGETED_DEVICE_FAMILY = "1,2";
				TEST_HOST = "$(BUILT_PRODUCTS_DIR)/call-center.app/$(BUNDLE_EXECUTABLE_FOLDER_PATH)/call-center";
			};
			name = Release;
		};
		048FDD9A2C6BB7BE002F474A /* Debug */ = {
			isa = XCBuildConfiguration;
			buildSettings = {
				ALWAYS_EMBED_SWIFT_STANDARD_LIBRARIES = YES;
				CODE_SIGN_STYLE = Automatic;
				CURRENT_PROJECT_VERSION = 1;
				DEVELOPMENT_TEAM = ZX3A5VT478;
				GENERATE_INFOPLIST_FILE = YES;
				MARKETING_VERSION = 1.0;
				PRODUCT_BUNDLE_IDENTIFIER = "-.call-centerUITests";
				PRODUCT_NAME = "$(TARGET_NAME)";
				SWIFT_EMIT_LOC_STRINGS = NO;
				SWIFT_VERSION = 5.0;
				TARGETED_DEVICE_FAMILY = "1,2";
				TEST_TARGET_NAME = "call-center";
			};
			name = Debug;
		};
		048FDD9B2C6BB7BE002F474A /* Release */ = {
			isa = XCBuildConfiguration;
			buildSettings = {
				ALWAYS_EMBED_SWIFT_STANDARD_LIBRARIES = YES;
				CODE_SIGN_STYLE = Automatic;
				CURRENT_PROJECT_VERSION = 1;
				DEVELOPMENT_TEAM = ZX3A5VT478;
				GENERATE_INFOPLIST_FILE = YES;
				MARKETING_VERSION = 1.0;
				PRODUCT_BUNDLE_IDENTIFIER = "-.call-centerUITests";
				PRODUCT_NAME = "$(TARGET_NAME)";
				SWIFT_EMIT_LOC_STRINGS = NO;
				SWIFT_VERSION = 5.0;
				TARGETED_DEVICE_FAMILY = "1,2";
				TEST_TARGET_NAME = "call-center";
			};
			name = Release;
		};
/* End XCBuildConfiguration section */

/* Begin XCConfigurationList section */
		048FDD6A2C6BB7BC002F474A /* Build configuration list for PBXProject "call-center" */ = {
			isa = XCConfigurationList;
			buildConfigurations = (
				048FDD912C6BB7BE002F474A /* Debug */,
				048FDD922C6BB7BE002F474A /* Release */,
			);
			defaultConfigurationIsVisible = 0;
			defaultConfigurationName = Release;
		};
		048FDD932C6BB7BE002F474A /* Build configuration list for PBXNativeTarget "call-center" */ = {
			isa = XCConfigurationList;
			buildConfigurations = (
				048FDD942C6BB7BE002F474A /* Debug */,
				048FDD952C6BB7BE002F474A /* Release */,
			);
			defaultConfigurationIsVisible = 0;
			defaultConfigurationName = Release;
		};
		048FDD962C6BB7BE002F474A /* Build configuration list for PBXNativeTarget "call-centerTests" */ = {
			isa = XCConfigurationList;
			buildConfigurations = (
				048FDD972C6BB7BE002F474A /* Debug */,
				048FDD982C6BB7BE002F474A /* Release */,
			);
			defaultConfigurationIsVisible = 0;
			defaultConfigurationName = Release;
		};
		048FDD992C6BB7BE002F474A /* Build configuration list for PBXNativeTarget "call-centerUITests" */ = {
			isa = XCConfigurationList;
			buildConfigurations = (
				048FDD9A2C6BB7BE002F474A /* Debug */,
				048FDD9B2C6BB7BE002F474A /* Release */,
			);
			defaultConfigurationIsVisible = 0;
			defaultConfigurationName = Release;
		};
/* End XCConfigurationList section */
	};
	rootObject = 048FDD672C6BB7BC002F474A /* Project object */;
}
